
Microsoft Visual Studio Solution File, Format Version 12.00
# Visual Studio Version 16
VisualStudioVersion = 16.0.30907.101
MinimumVisualStudioVersion = 10.0.40219.1
Project("{FAE04EC0-301F-11D3-BF4B-00C04F79EFBC}") = "Perflow", "Perflow.csproj", "{8D1B04AC-9B0A-44C9-9755-82D3EA59BC4D}"
EndProject
Global
	GlobalSection(SolutionConfigurationPlatforms) = preSolution
		Debug|Any CPU = Debug|Any CPU
		Release|Any CPU = Release|Any CPU
	EndGlobalSection
	GlobalSection(ProjectConfigurationPlatforms) = postSolution
		{8D1B04AC-9B0A-44C9-9755-82D3EA59BC4D}.Debug|Any CPU.ActiveCfg = Debug|Any CPU
		{8D1B04AC-9B0A-44C9-9755-82D3EA59BC4D}.Debug|Any CPU.Build.0 = Debug|Any CPU
		{8D1B04AC-9B0A-44C9-9755-82D3EA59BC4D}.Release|Any CPU.ActiveCfg = Release|Any CPU
		{8D1B04AC-9B0A-44C9-9755-82D3EA59BC4D}.Release|Any CPU.Build.0 = Release|Any CPU
	EndGlobalSection
	GlobalSection(SolutionProperties) = preSolution
		HideSolutionNode = FALSE
	EndGlobalSection
	GlobalSection(ExtensibilityGlobals) = postSolution
		SolutionGuid = {1A6EF677-CBE2-4ADC-B201-B4D5E893D7FA}
	EndGlobalSection
EndGlobal
