
Microsoft Visual Studio Solution File, Format Version 12.00
# Visual Studio Version 16
VisualStudioVersion = 16.0.30907.101
MinimumVisualStudioVersion = 10.0.40219.1
Project("{FAE04EC0-301F-11D3-BF4B-00C04F79EFBC}") = "Perflow.Studio", "Perflow.Studio.csproj", "{AF14481D-C145-4E4D-8C21-810C059E031D}"
EndProject
Project("{FAE04EC0-301F-11D3-BF4B-00C04F79EFBC}") = "Shared", "..\Shared\Shared\Shared.csproj", "{1D6BE15F-AC3E-434F-B3AD-02D3E52815A6}"
EndProject
Global
	GlobalSection(SolutionConfigurationPlatforms) = preSolution
		Debug|Any CPU = Debug|Any CPU
		Release|Any CPU = Release|Any CPU
	EndGlobalSection
	GlobalSection(ProjectConfigurationPlatforms) = postSolution
		{AF14481D-C145-4E4D-8C21-810C059E031D}.Debug|Any CPU.ActiveCfg = Debug|Any CPU
		{AF14481D-C145-4E4D-8C21-810C059E031D}.Debug|Any CPU.Build.0 = Debug|Any CPU
		{AF14481D-C145-4E4D-8C21-810C059E031D}.Release|Any CPU.ActiveCfg = Release|Any CPU
		{AF14481D-C145-4E4D-8C21-810C059E031D}.Release|Any CPU.Build.0 = Release|Any CPU
		{1D6BE15F-AC3E-434F-B3AD-02D3E52815A6}.Debug|Any CPU.ActiveCfg = Debug|Any CPU
		{1D6BE15F-AC3E-434F-B3AD-02D3E52815A6}.Debug|Any CPU.Build.0 = Debug|Any CPU
		{1D6BE15F-AC3E-434F-B3AD-02D3E52815A6}.Release|Any CPU.ActiveCfg = Release|Any CPU
		{1D6BE15F-AC3E-434F-B3AD-02D3E52815A6}.Release|Any CPU.Build.0 = Release|Any CPU
	EndGlobalSection
	GlobalSection(SolutionProperties) = preSolution
		HideSolutionNode = FALSE
	EndGlobalSection
	GlobalSection(ExtensibilityGlobals) = postSolution
		SolutionGuid = {D018E9EA-1E93-4844-B51E-A190438F1D48}
	EndGlobalSection
EndGlobal
